20151210115739:
    class: Shopsys\FrameworkBundle\Migrations\Version20151210115739
    skip: false
20151230012022:
    class: Shopsys\FrameworkBundle\Migrations\Version20151230012022
    skip: false
20151231104800:
    class: Shopsys\FrameworkBundle\Migrations\Version20151231104800
    skip: false
20160105140120:
    class: Shopsys\FrameworkBundle\Migrations\Version20160105140120
    skip: false
20160108183213:
    class: Shopsys\FrameworkBundle\Migrations\Version20160108183213
    skip: false
20160113151330:
    class: Shopsys\FrameworkBundle\Migrations\Version20160113151330
    skip: false
20160129122637:
    class: Shopsys\FrameworkBundle\Migrations\Version20160129122637
    skip: false
20160314174500:
    class: Shopsys\FrameworkBundle\Migrations\Version20160314174500
    skip: false
20160322180746:
    class: Shopsys\FrameworkBundle\Migrations\Version20160322180746
    skip: false
20160419131007:
    class: Shopsys\FrameworkBundle\Migrations\Version20160419131007
    skip: false
20160420165146:
    class: Shopsys\FrameworkBundle\Migrations\Version20160420165146
    skip: false
20160422164530:
    class: Shopsys\FrameworkBundle\Migrations\Version20160422164530
    skip: false
20160425173252:
    class: Shopsys\FrameworkBundle\Migrations\Version20160425173252
    skip: false
20160503132106:
    class: Shopsys\FrameworkBundle\Migrations\Version20160503132106
    skip: false
20160503140649:
    class: Shopsys\FrameworkBundle\Migrations\Version20160503140649
    skip: false
20160512152113:
    class: Shopsys\FrameworkBundle\Migrations\Version20160512152113
    skip: false
20160531080553:
    class: Shopsys\FrameworkBundle\Migrations\Version20160531080553
    skip: false
20160601124500:
    class: Shopsys\FrameworkBundle\Migrations\Version20160601124500
    skip: false
20160627173212:
    class: Shopsys\FrameworkBundle\Migrations\Version20160627173212
    skip: false
20160715100000:
    class: Shopsys\FrameworkBundle\Migrations\Version20160715100000
    skip: false
20160717105120:
    class: Shopsys\FrameworkBundle\Migrations\Version20160717105120
    skip: false
20160717144201:
    class: Shopsys\FrameworkBundle\Migrations\Version20160717144201
    skip: false
20160805142110:
    class: Shopsys\FrameworkBundle\Migrations\Version20160805142110
    skip: false
20160828201247:
    class: Shopsys\FrameworkBundle\Migrations\Version20160828201247
    skip: false
20160902125810:
    class: Shopsys\FrameworkBundle\Migrations\Version20160902125810
    skip: false
20160902145842:
    class: Shopsys\FrameworkBundle\Migrations\Version20160902145842
    skip: false
20161010151719:
    class: Shopsys\FrameworkBundle\Migrations\Version20161010151719
    skip: false
20161013090245:
    class: Shopsys\FrameworkBundle\Migrations\Version20161013090245
    skip: false
20161111124254:
    class: Shopsys\FrameworkBundle\Migrations\Version20161111124254
    skip: false
20161124152029:
    class: Shopsys\FrameworkBundle\Migrations\Version20161124152029
    skip: false
20161124154622:
    class: Shopsys\FrameworkBundle\Migrations\Version20161124154622
    skip: false
20161125140534:
    class: Shopsys\FrameworkBundle\Migrations\Version20161125140534
    skip: false
20161207135225:
    class: Shopsys\FrameworkBundle\Migrations\Version20161207135225
    skip: false
20161207144725:
    class: Shopsys\FrameworkBundle\Migrations\Version20161207144725
    skip: false
20170207091754:
    class: Shopsys\FrameworkBundle\Migrations\Version20170207091754
    skip: false
20170228101522:
    class: Shopsys\FrameworkBundle\Migrations\Version20170228101522
    skip: false
20170329131658:
    class: Shopsys\FrameworkBundle\Migrations\Version20170329131658
    skip: false
20170418094333:
    class: Shopsys\FrameworkBundle\Migrations\Version20170418094333
    skip: false
20170530101845:
    class: Shopsys\FrameworkBundle\Migrations\Version20170530101845
    skip: false
20170627144556:
    class: Shopsys\FrameworkBundle\Migrations\Version20170627144556
    skip: false
20170629163629:
    class: Shopsys\FrameworkBundle\Migrations\Version20170629163629
    skip: false
20170703131941:
    class: Shopsys\FrameworkBundle\Migrations\Version20170703131941
    skip: false
20170710111348:
    class: Shopsys\FrameworkBundle\Migrations\Version20170710111348
    skip: false
20170710120313:
    class: Shopsys\FrameworkBundle\Migrations\Version20170710120313
    skip: false
20170710120408:
    class: Shopsys\FrameworkBundle\Migrations\Version20170710120408
    skip: false
20170728120619:
    class: Shopsys\FrameworkBundle\Migrations\Version20170728120619
    skip: false
20170801093853:
    class: Shopsys\FrameworkBundle\Migrations\Version20170801093853
    skip: false
20170802141735:
    class: Shopsys\FrameworkBundle\Migrations\Version20170802141735
    skip: false
20170807084807:
    class: Shopsys\FrameworkBundle\Migrations\Version20170807084807
    skip: false
20171005091354:
    class: Shopsys\FrameworkBundle\Migrations\Version20171005091354
    skip: false
20180206151021:
    class: Shopsys\FrameworkBundle\Migrations\Version20180206151021
    skip: false
20180214070314:
    class: Shopsys\FrameworkBundle\Migrations\Version20180214070314
    skip: false
20180216091004:
    class: Shopsys\FrameworkBundle\Migrations\Version20180216091004
    skip: false
20180216091409:
    class: Shopsys\FrameworkBundle\Migrations\Version20180216091409
    skip: false
20180301081843:
    class: Shopsys\FrameworkBundle\Migrations\Version20180301081843
    skip: false
20180306094316:
    class: Shopsys\FrameworkBundle\Migrations\Version20180306094316
    skip: false
20180409055551:
    class: Shopsys\FrameworkBundle\Migrations\Version20180409055551
    skip: false
20180409100239:
    class: Shopsys\FrameworkBundle\Migrations\Version20180409100239
    skip: false
20180411124519:
    class: Shopsys\FrameworkBundle\Migrations\Version20180411124519
    skip: false
20180413102110:
    class: Shopsys\FrameworkBundle\Migrations\Version20180413102110
    skip: false
20180425143739:
    class: App\Migrations\Version20180425143739
    skip: false
20180530113304:
    class: Shopsys\FrameworkBundle\Migrations\Version20180530113304
    skip: false
20180530131622:
    class: Shopsys\FrameworkBundle\Migrations\Version20180530131622
    skip: false
20180531141640:
    class: Shopsys\FrameworkBundle\Migrations\Version20180531141640
    skip: false
20180531231229:
    class: Shopsys\FrameworkBundle\Migrations\Version20180531231229
    skip: false
20180603135339:
    class: Shopsys\FrameworkBundle\Migrations\Version20180603135339
    skip: false
20180603135340:
    class: Shopsys\FrameworkBundle\Migrations\Version20180603135340
    skip: false
20180603135341:
    class: Shopsys\FrameworkBundle\Migrations\Version20180603135341
    skip: false
20180603135342:
    class: Shopsys\FrameworkBundle\Migrations\Version20180603135342
    skip: false
20180603135343:
    class: Shopsys\FrameworkBundle\Migrations\Version20180603135343
    skip: false
20180603135344:
    class: Shopsys\FrameworkBundle\Migrations\Version20180603135344
    skip: false
20180603135345:
    class: Shopsys\FrameworkBundle\Migrations\Version20180603135345
    skip: false
20180603135346:
    class: Shopsys\FrameworkBundle\Migrations\Version20180603135346
    skip: false
20180603135347:
    class: Shopsys\FrameworkBundle\Migrations\Version20180603135347
    skip: false
20180702111015:
    class: Shopsys\FrameworkBundle\Migrations\Version20180702111015
    skip: false
20180702111016:
    class: Shopsys\FrameworkBundle\Migrations\Version20180702111016
    skip: false
20180702111017:
    class: Shopsys\FrameworkBundle\Migrations\Version20180702111017
    skip: false
20180702111018:
    class: Shopsys\FrameworkBundle\Migrations\Version20180702111018
    skip: false
20180702111019:
    class: Shopsys\FrameworkBundle\Migrations\Version20180702111019
    skip: false
20180702111020:
    class: Shopsys\FrameworkBundle\Migrations\Version20180702111020
    skip: false
20180724060204:
    class: Shopsys\FrameworkBundle\Migrations\Version20180724060204
    skip: false
20180730135725:
    class: Shopsys\FrameworkBundle\Migrations\Version20180730135725
    skip: false
20180830121204:
    class: Shopsys\FrameworkBundle\Migrations\Version20180830121204
    skip: false
20181008000001:
    class: Shopsys\FrameworkBundle\Migrations\Version20181008000001
    skip: false
20181114102106:
    class: Shopsys\FrameworkBundle\Migrations\Version20181114102106
    skip: false
20181114120915:
    class: Shopsys\FrameworkBundle\Migrations\Version20181114120915
    skip: false
20181114134959:
    class: Shopsys\FrameworkBundle\Migrations\Version20181114134959
    skip: false
20181114145244:
    class: Shopsys\FrameworkBundle\Migrations\Version20181114145244
    skip: false
20181114145250:
    class: Shopsys\FrameworkBundle\Migrations\Version20181114145250
    skip: false
20190121094400:
    class: Shopsys\FrameworkBundle\Migrations\Version20190121094400
    skip: false
20190122130312:
    class: Shopsys\FrameworkBundle\Migrations\Version20190122130312
    skip: false
20190215092226:
    class: Shopsys\FrameworkBundle\Migrations\Version20190215092226
    skip: false
20190220101938:
    class: Shopsys\FrameworkBundle\Migrations\Version20190220101938
    skip: false
20190521071335:
    class: Shopsys\FrameworkBundle\Migrations\Version20190521071335
    skip: false
20190611114955:
    class: Shopsys\FrameworkBundle\Migrations\Version20190611114955
    skip: false
20190823110846:
    class: Shopsys\FrameworkBundle\Migrations\Version20190823110846
    skip: false
20190930140221:
    class: Shopsys\FrameworkBundle\Migrations\Version20190930140221
    skip: false
20191029123329:
    class: Shopsys\FrameworkBundle\Migrations\Version20191029123329
    skip: false
20191029210140:
    class: Shopsys\FrameworkBundle\Migrations\Version20191029210140
    skip: false
20191107162719:
    class: Shopsys\FrameworkBundle\Migrations\Version20191107162719
    skip: false
20191108140919:
    class: Shopsys\FrameworkBundle\Migrations\Version20191108140919
    skip: false
20191112122617:
    class: Shopsys\FrameworkBundle\Migrations\Version20191112122617
    skip: false
20191113133455:
    class: Shopsys\FrameworkBundle\Migrations\Version20191113133455
    skip: false
20191113212555:
    class: Shopsys\FrameworkBundle\Migrations\Version20191113212555
    skip: false
20191113231735:
    class: Shopsys\FrameworkBundle\Migrations\Version20191113231735
    skip: false
20191121145700:
    class: Shopsys\FrameworkBundle\Migrations\Version20191121145700
    skip: false
20191121171000:
    class: App\Migrations\Version20191121171000
    skip: false
20191126105045:
    class: Shopsys\FrameworkBundle\Migrations\Version20191126105045
    skip: false
20191127133143:
    class: Shopsys\FrameworkBundle\Migrations\Version20191127133143
    skip: false
20191205145631:
    class: Shopsys\FrameworkBundle\Migrations\Version20191205145631
    skip: false
20191210112451:
    class: Shopsys\FrameworkBundle\Migrations\Version20191210112451
    skip: false
20191211124055:
    class: Shopsys\FrameworkBundle\Migrations\Version20191211124055
    skip: false
20191216143436:
    class: Shopsys\FrameworkBundle\Migrations\Version20191216143436
    skip: false
20200109151504:
    class: App\Migrations\Version20200109151504
    skip: false
20200128112829:
    class: App\Migrations\Version20200128112829
    skip: false
20190801103940:
    class: App\Migrations\Version20190801103940
    skip: false
20200113093317:
    class: App\Migrations\Version20200113093317
    skip: false
20200114084117:
    class: App\Migrations\Version20200114084117
    skip: false
20200119160953:
    class: App\Migrations\Version20200119160953
    skip: false
20200129140317:
    class: App\Migrations\Version20200129140317
    skip: false
20200207083405:
    class: App\Migrations\Version20200207083405
    skip: false
20200117093808:
    class: App\Migrations\Version20200117093808
    skip: false
20200203123245:
    class: App\Migrations\Version20200203123245
    skip: false
20200121170827:
    class: App\Migrations\Version20200121170827
    skip: false
20200131111225:
    class: App\Migrations\Version20200131111225
    skip: false
20200210083442:
    class: App\Migrations\Version20200210083442
    skip: false
20200213080642:
    class: App\Migrations\Version20200213080642
    skip: false
20200210142710:
    class: App\Migrations\Version20200210142710
    skip: false
20200214081059:
    class: App\Migrations\Version20200214081059
    skip: false
20200218141458:
    class: App\Migrations\Version20200218141458
    skip: false
20200127085928:
    class: Shopsys\FrameworkBundle\Migrations\Version20200127085928
    skip: false
20200129073328:
    class: Shopsys\FrameworkBundle\Migrations\Version20200129073328
    skip: false
20200206111017:
    class: Shopsys\FrameworkBundle\Migrations\Version20200206111017
    skip: false
20200211110913:
    class: Shopsys\FrameworkBundle\Migrations\Version20200211110913
    skip: false
20200218134211:
    class: App\Migrations\Version20200218134211
    skip: false
20200219121349:
    class: App\Migrations\Version20200219121349
    skip: false
20200219145345:
    class: App\Migrations\Version20200219145345
    skip: false
20200303101347:
    class: App\Migrations\Version20200303101347
    skip: false
20200304065843:
    class: App\Migrations\Version20200304065843
    skip: false
20200304112423:
    class: App\Migrations\Version20200304112423
    skip: false
20200227140037:
    class: App\Migrations\Version20200227140037
    skip: false
20200226073300:
    class: App\Migrations\Version20200226073300
    skip: false
20200226145013:
    class: App\Migrations\Version20200226145013
    skip: false
20200302111832:
    class: App\Migrations\Version20200302111832
    skip: false
20200306131824:
    class: App\Migrations\Version20200306131824
    skip: false
20200318202230:
    class: App\Migrations\Version20200318202230
    skip: false
20200228150615:
    class: App\Migrations\Version20200228150615
    skip: false
20200313082319:
    class: App\Migrations\Version20200313082319
    skip: false
20200214104810:
    class: App\Migrations\Version20200214104810
    skip: false
20200226105650:
    class: App\Migrations\Version20200226105650
    skip: false
20200228184629:
    class: App\Migrations\Version20200228184629
    skip: false
20200306172413:
    class: App\Migrations\Version20200306172413
    skip: false
20200317124724:
    class: App\Migrations\Version20200317124724
    skip: false
20200312073047:
    class: App\Migrations\Version20200312073047
    skip: false
20200317140613:
    class: App\Migrations\Version20200317140613
    skip: false
20190824181350:
    class: Shopsys\FrameworkBundle\Migrations\Version20190824181350
    skip: false
20200225102504:
    class: Shopsys\FrameworkBundle\Migrations\Version20200225102504
    skip: false
20200310120000:
    class: Shopsys\FrameworkBundle\Migrations\Version20200310120000
    skip: false
20200310130000:
    class: Shopsys\FrameworkBundle\Migrations\Version20200310130000
    skip: false
20200319064048:
    class: App\Migrations\Version20200319064048
    skip: false
20200323164841:
    class: App\Migrations\Version20200323164841
    skip: false
20200324165951:
    class: App\Migrations\Version20200324165951
    skip: false
20200220124729:
    class: App\Migrations\Version20200220124729
    skip: false
20200319113341:
    class: App\Migrations\Version20200319113341
    skip: false
20200319151828:
    class: App\Migrations\Version20200319151828
    skip: false
20200319152315:
    class: App\Migrations\Version20200319152315
    skip: false
20200316101714:
    class: App\Migrations\Version20200316101714
    skip: false
20200319124638:
    class: Shopsys\FrameworkBundle\Migrations\Version20200319124638
    skip: false
20200327080840:
    class: Shopsys\FrameworkBundle\Migrations\Version20200327080840
    skip: false
20200401074357:
    class: App\Migrations\Version20200401074357
    skip: false
20200221155940:
    class: App\Migrations\Version20200221155940
    skip: false
20200323123356:
    class: App\Migrations\Version20200323123356
    skip: false
20200304152336:
    class: App\Migrations\Version20200304152336
    skip: false
20200331063416:
    class: App\Migrations\Version20200331063416
    skip: false
20200325124454:
    class: App\Migrations\Version20200325124454
    skip: false
20200326125911:
    class: App\Migrations\Version20200326125911
    skip: false
20200326131155:
    class: App\Migrations\Version20200326131155
    skip: false
20200331114558:
    class: App\Migrations\Version20200331114558
    skip: false
20200403122227:
    class: App\Migrations\Version20200403122227
    skip: false
20200409121857:
    class: App\Migrations\Version20200409121857
    skip: false
20200407071420:
    class: App\Migrations\Version20200407071420
    skip: false
20200422093836:
    class: App\Migrations\Version20200422093836
    skip: false
20200414143255:
    class: App\Migrations\Version20200414143255
    skip: false
20200402083757:
    class: App\Migrations\Version20200402083757
    skip: false
20200421184951:
    class: App\Migrations\Version20200421184951
    skip: false
20200420071338:
    class: App\Migrations\Version20200420071338
    skip: false
20200418102440:
    class: App\Migrations\Version20200418102440
    skip: false
20200419192741:
    class: App\Migrations\Version20200419192741
    skip: false
20200424100911:
    class: App\Migrations\Version20200424100911
    skip: false
20200430075430:
    class: App\Migrations\Version20200430075430
    skip: false
20200504142810:
    class: App\Migrations\Version20200504142810
    skip: false
20200428122812:
    class: App\Migrations\Version20200428122812
    skip: false
20200113143308:
    class: App\Migrations\Version20200113143308
    skip: false
20200123143308:
    class: App\Migrations\Version20200123143308
    skip: false
20200120082349:
    class: App\Migrations\Version20200120082349
    skip: false
20200430122227:
    class: App\Migrations\Version20200430122227
    skip: false
20200427065820:
    class: App\Migrations\Version20200427065820
    skip: false
20200325132105:
    class: Shopsys\FrameworkBundle\Migrations\Version20200325132105
    skip: false
20200330150340:
    class: Shopsys\FrameworkBundle\Migrations\Version20200330150340
    skip: false
20200416114815:
    class: Shopsys\FrameworkBundle\Migrations\Version20200416114815
    skip: false
20200511110953:
    class: Shopsys\FrameworkBundle\Migrations\Version20200511110953
    skip: false
20200507094948:
    class: App\Migrations\Version20200507094948
    skip: false
20200423123910:
    class: App\Migrations\Version20200423123910
    skip: false
20200428092429:
    class: App\Migrations\Version20200428092429
    skip: false
20200515071025:
    class: App\Migrations\Version20200515071025
    skip: false
20200512082050:
    class: App\Migrations\Version20200512082050
    skip: false
20200514134336:
    class: App\Migrations\Version20200514134336
    skip: false
20200518200353:
    class: App\Migrations\Version20200518200353
    skip: false
20200513052823:
    class: App\Migrations\Version20200513052823
    skip: false
20200520151921:
    class: App\Migrations\Version20200520151921
    skip: false
20200520133358:
    class: App\Migrations\Version20200520133358
    skip: false
20200522064838:
    class: App\Migrations\Version20200522064838
    skip: false
20200601124939:
    class: App\Migrations\Version20200601124939
    skip: false
20200219103814:
    class: App\Migrations\Version20200219103814
    skip: false
20200219135254:
    class: App\Migrations\Version20200219135254
    skip: false
20200609074305:
    class: App\Migrations\Version20200609074305
    skip: false
20200522093142:
    class: App\Migrations\Version20200522093142
    skip: false
20200608065837:
    class: App\Migrations\Version20200608065837
    skip: false
20200617101511:
    class: App\Migrations\Version20200617101511
    skip: false
20200616093504:
    class: App\Migrations\Version20200616093504
    skip: false
20200618125834:
    class: App\Migrations\Version20200618125834
    skip: false
20200707171540:
    class: App\Migrations\Version20200707171540
    skip: false
20200707192943:
    class: App\Migrations\Version20200707192943
    skip: false
20200707195945:
    class: App\Migrations\Version20200707195945
    skip: false
20200622122343:
    class: App\Migrations\Version20200622122343
    skip: false
20200624103557:
    class: App\Migrations\Version20200624103557
    skip: false
20200714072919:
    class: App\Migrations\Version20200714072919
    skip: false
20200708133903:
    class: App\Migrations\Version20200708133903
    skip: false
20200623103836:
    class: App\Migrations\Version20200623103836
    skip: false
20200701114244:
    class: App\Migrations\Version20200701114244
    skip: false
20200714071640:
    class: App\Migrations\Version20200714071640
    skip: false
20200714091100:
    class: App\Migrations\Version20200714091100
    skip: false
20200720080012:
    class: App\Migrations\Version20200720080012
    skip: false
20200720134134:
    class: App\Migrations\Version20200720134134
    skip: false
20200713040211:
    class: App\Migrations\Version20200713040211
    skip: false
20200714114004:
    class: App\Migrations\Version20200714114004
    skip: false
20200716132559:
    class: App\Migrations\Version20200716132559
    skip: false
20200723082531:
    class: App\Migrations\Version20200723082531
    skip: false
20200729090755:
    class: App\Migrations\Version20200729090755
    skip: false
20200730093849:
    class: App\Migrations\Version20200730093849
    skip: false
20200716135132:
    class: App\Migrations\Version20200716135132
    skip: false
20200803152004:
    class: App\Migrations\Version20200803152004
    skip: false
20200803105229:
    class: Shopsys\FrameworkBundle\Migrations\Version20200803105229
    skip: false
20200814063510:
    class: App\Migrations\Version20200814063510
    skip: false
20200811103617:
    class: App\Migrations\Version20200811103617
    skip: false
20200723053320:
    class: App\Migrations\Version20200723053320
    skip: false
20200819095947:
    class: App\Migrations\Version20200819095947
    skip: false
20200819070557:
    class: App\Migrations\Version20200819070557
    skip: false
20200820090843:
    class: App\Migrations\Version20200820090843
    skip: false
20200817110249:
    class: App\Migrations\Version20200817110249
    skip: false
20200821124308:
    class: App\Migrations\Version20200821124308
    skip: false
20200825083150:
    class: App\Migrations\Version20200825083150
    skip: false
20200831091231:
    class: App\Migrations\Version20200831091231
    skip: false
20200821104152:
    class: App\Migrations\Version20200821104152
    skip: false
20200819165818:
    class: Shopsys\FrameworkBundle\Migrations\Version20200819165818
    skip: false
20200828131906:
    class: Shopsys\FrameworkBundle\Migrations\Version20200828131906
    skip: false
