20151210115739:
    class: Shopsys\FrameworkBundle\Migrations\Version20151210115739
    skip: false
20151230012022:
    class: Shopsys\FrameworkBundle\Migrations\Version20151230012022
    skip: false
20151231104800:
    class: Shopsys\FrameworkBundle\Migrations\Version20151231104800
    skip: false
20160105140120:
    class: Shopsys\FrameworkBundle\Migrations\Version20160105140120
    skip: false
20160108183213:
    class: Shopsys\FrameworkBundle\Migrations\Version20160108183213
    skip: false
20160113151330:
    class: Shopsys\FrameworkBundle\Migrations\Version20160113151330
    skip: false
20160129122637:
    class: Shopsys\FrameworkBundle\Migrations\Version20160129122637
    skip: false
20160314174500:
    class: Shopsys\FrameworkBundle\Migrations\Version20160314174500
    skip: false
20160322180746:
    class: Shopsys\FrameworkBundle\Migrations\Version20160322180746
    skip: false
20160419131007:
    class: Shopsys\FrameworkBundle\Migrations\Version20160419131007
    skip: false
20160420165146:
    class: Shopsys\FrameworkBundle\Migrations\Version20160420165146
    skip: false
20160422164530:
    class: Shopsys\FrameworkBundle\Migrations\Version20160422164530
    skip: false
20160425173252:
    class: Shopsys\FrameworkBundle\Migrations\Version20160425173252
    skip: false
20160503132106:
    class: Shopsys\FrameworkBundle\Migrations\Version20160503132106
    skip: false
20160503140649:
    class: Shopsys\FrameworkBundle\Migrations\Version20160503140649
    skip: false
20160512152113:
    class: Shopsys\FrameworkBundle\Migrations\Version20160512152113
    skip: false
20160531080553:
    class: Shopsys\FrameworkBundle\Migrations\Version20160531080553
    skip: false
20160601124500:
    class: Shopsys\FrameworkBundle\Migrations\Version20160601124500
    skip: false
20160627173212:
    class: Shopsys\FrameworkBundle\Migrations\Version20160627173212
    skip: false
20160715100000:
    class: Shopsys\FrameworkBundle\Migrations\Version20160715100000
    skip: false
20160717105120:
    class: Shopsys\FrameworkBundle\Migrations\Version20160717105120
    skip: false
20160717144201:
    class: Shopsys\FrameworkBundle\Migrations\Version20160717144201
    skip: false
20160805142110:
    class: Shopsys\FrameworkBundle\Migrations\Version20160805142110
    skip: false
20160828201247:
    class: Shopsys\FrameworkBundle\Migrations\Version20160828201247
    skip: false
20160902125810:
    class: Shopsys\FrameworkBundle\Migrations\Version20160902125810
    skip: false
20160902145842:
    class: Shopsys\FrameworkBundle\Migrations\Version20160902145842
    skip: false
20161010151719:
    class: Shopsys\FrameworkBundle\Migrations\Version20161010151719
    skip: false
20161013090245:
    class: Shopsys\FrameworkBundle\Migrations\Version20161013090245
    skip: false
20161111124254:
    class: Shopsys\FrameworkBundle\Migrations\Version20161111124254
    skip: false
20161124152029:
    class: Shopsys\FrameworkBundle\Migrations\Version20161124152029
    skip: false
20161124154622:
    class: Shopsys\FrameworkBundle\Migrations\Version20161124154622
    skip: false
20161125140534:
    class: Shopsys\FrameworkBundle\Migrations\Version20161125140534
    skip: false
20161207135225:
    class: Shopsys\FrameworkBundle\Migrations\Version20161207135225
    skip: false
20161207144725:
    class: Shopsys\FrameworkBundle\Migrations\Version20161207144725
    skip: false
20170207091754:
    class: Shopsys\FrameworkBundle\Migrations\Version20170207091754
    skip: false
20170228101522:
    class: Shopsys\FrameworkBundle\Migrations\Version20170228101522
    skip: false
20170329131658:
    class: Shopsys\FrameworkBundle\Migrations\Version20170329131658
    skip: false
20170418094333:
    class: Shopsys\FrameworkBundle\Migrations\Version20170418094333
    skip: false
20170530101845:
    class: Shopsys\FrameworkBundle\Migrations\Version20170530101845
    skip: false
20170627144556:
    class: Shopsys\FrameworkBundle\Migrations\Version20170627144556
    skip: false
20170629163629:
    class: Shopsys\FrameworkBundle\Migrations\Version20170629163629
    skip: false
20170703131941:
    class: Shopsys\FrameworkBundle\Migrations\Version20170703131941
    skip: false
20170710111348:
    class: Shopsys\FrameworkBundle\Migrations\Version20170710111348
    skip: false
20170710120313:
    class: Shopsys\FrameworkBundle\Migrations\Version20170710120313
    skip: false
20170710120408:
    class: Shopsys\FrameworkBundle\Migrations\Version20170710120408
    skip: false
20170728120619:
    class: Shopsys\FrameworkBundle\Migrations\Version20170728120619
    skip: false
20170801093853:
    class: Shopsys\FrameworkBundle\Migrations\Version20170801093853
    skip: false
20170802141735:
    class: Shopsys\FrameworkBundle\Migrations\Version20170802141735
    skip: false
20170807084807:
    class: Shopsys\FrameworkBundle\Migrations\Version20170807084807
    skip: false
20171005091354:
    class: Shopsys\FrameworkBundle\Migrations\Version20171005091354
    skip: false
20180206151021:
    class: Shopsys\FrameworkBundle\Migrations\Version20180206151021
    skip: false
20180214070314:
    class: Shopsys\FrameworkBundle\Migrations\Version20180214070314
    skip: false
20180216091004:
    class: Shopsys\FrameworkBundle\Migrations\Version20180216091004
    skip: false
20180216091409:
    class: Shopsys\FrameworkBundle\Migrations\Version20180216091409
    skip: false
20180301081843:
    class: Shopsys\FrameworkBundle\Migrations\Version20180301081843
    skip: false
20180306094316:
    class: Shopsys\FrameworkBundle\Migrations\Version20180306094316
    skip: false
20180327093930:
    class: Shopsys\ProductFeed\HeurekaBundle\Migrations\Version20180327093930
    skip: false
20180327094552:
    class: Shopsys\ProductFeed\HeurekaBundle\Migrations\Version20180327094552
    skip: false
20180329092348:
    class: Shopsys\ProductFeed\GoogleBundle\Migrations\Version20180329092348
    skip: false
20180329142420:
    class: Shopsys\ProductFeed\ZboziBundle\Migrations\Version20180329142420
    skip: false
20180409055551:
    class: Shopsys\FrameworkBundle\Migrations\Version20180409055551
    skip: false
20180409100239:
    class: Shopsys\FrameworkBundle\Migrations\Version20180409100239
    skip: false
20180411124519:
    class: Shopsys\FrameworkBundle\Migrations\Version20180411124519
    skip: false
20180413102101:
    class: Shopsys\ProductFeed\ZboziBundle\Migrations\Version20180413102101
    skip: false
20180413102102:
    class: Shopsys\ProductFeed\GoogleBundle\Migrations\Version20180413102102
    skip: false
20180413102103:
    class: Shopsys\ProductFeed\HeurekaBundle\Migrations\Version20180413102103
    skip: false
20180413102110:
    class: Shopsys\FrameworkBundle\Migrations\Version20180413102110
    skip: false
20180425143739:
    class: Shopsys\ShopBundle\Migrations\Version20180425143739
    skip: false
20180530113304:
    class: Shopsys\FrameworkBundle\Migrations\Version20180530113304
    skip: false
20180530131622:
    class: Shopsys\FrameworkBundle\Migrations\Version20180530131622
    skip: false
20180531141640:
    class: Shopsys\FrameworkBundle\Migrations\Version20180531141640
    skip: false
20180531231229:
    class: Shopsys\FrameworkBundle\Migrations\Version20180531231229
    skip: false
20180603135339:
    class: Shopsys\FrameworkBundle\Migrations\Version20180603135339
    skip: false
20180603135340:
    class: Shopsys\FrameworkBundle\Migrations\Version20180603135340
    skip: false
20180603135341:
    class: Shopsys\FrameworkBundle\Migrations\Version20180603135341
    skip: false
20180603135342:
    class: Shopsys\FrameworkBundle\Migrations\Version20180603135342
    skip: false
20180603135343:
    class: Shopsys\FrameworkBundle\Migrations\Version20180603135343
    skip: false
20180603135344:
    class: Shopsys\FrameworkBundle\Migrations\Version20180603135344
    skip: false
20180603135345:
    class: Shopsys\FrameworkBundle\Migrations\Version20180603135345
    skip: false
20180603135346:
    class: Shopsys\FrameworkBundle\Migrations\Version20180603135346
    skip: false
20180603135347:
    class: Shopsys\FrameworkBundle\Migrations\Version20180603135347
    skip: false
20180702111015:
    class: Shopsys\FrameworkBundle\Migrations\Version20180702111015
    skip: false
20180702111016:
    class: Shopsys\FrameworkBundle\Migrations\Version20180702111016
    skip: false
20180702111017:
    class: Shopsys\FrameworkBundle\Migrations\Version20180702111017
    skip: false
20180702111018:
    class: Shopsys\FrameworkBundle\Migrations\Version20180702111018
    skip: false
20180702111019:
    class: Shopsys\FrameworkBundle\Migrations\Version20180702111019
    skip: false
20180702111020:
    class: Shopsys\FrameworkBundle\Migrations\Version20180702111020
    skip: false
20180724060204:
    class: Shopsys\FrameworkBundle\Migrations\Version20180724060204
    skip: false
20180730135725:
    class: Shopsys\FrameworkBundle\Migrations\Version20180730135725
    skip: false
20180830121204:
    class: Shopsys\FrameworkBundle\Migrations\Version20180830121204
    skip: false
20181008000001:
    class: Shopsys\FrameworkBundle\Migrations\Version20181008000001
    skip: false
20181114102106:
    class: Shopsys\FrameworkBundle\Migrations\Version20181114102106
    skip: false
20181114120915:
    class: Shopsys\FrameworkBundle\Migrations\Version20181114120915
    skip: false
20181114134959:
    class: Shopsys\FrameworkBundle\Migrations\Version20181114134959
    skip: false
20181114145244:
    class: Shopsys\FrameworkBundle\Migrations\Version20181114145244
    skip: false
20181114145250:
    class: Shopsys\FrameworkBundle\Migrations\Version20181114145250
    skip: false
20190121094400:
    class: Shopsys\FrameworkBundle\Migrations\Version20190121094400
    skip: false
20190122130312:
    class: Shopsys\FrameworkBundle\Migrations\Version20190122130312
    skip: false
20190215092226:
    class: Shopsys\FrameworkBundle\Migrations\Version20190215092226
    skip: false
20190215092227:
    class: Shopsys\ProductFeed\HeurekaBundle\Migrations\Version20190215092227
    skip: false
20190215092228:
    class: Shopsys\ProductFeed\ZboziBundle\Migrations\Version20190215092228
    skip: false
20190220101938:
    class: Shopsys\FrameworkBundle\Migrations\Version20190220101938
    skip: false
20190521071335:
    class: Shopsys\FrameworkBundle\Migrations\Version20190521071335
    skip: false
20190611114955:
    class: Shopsys\FrameworkBundle\Migrations\Version20190611114955
    skip: false
20190823110846:
    class: Shopsys\FrameworkBundle\Migrations\Version20190823110846
    skip: false
20191029123329:
    class: Shopsys\FrameworkBundle\Migrations\Version20191029123329
    skip: false
20191029210140:
    class: Shopsys\FrameworkBundle\Migrations\Version20191029210140
    skip: false
